// !$*UTF8*$!
{
	archiveVersion = 1;
	classes = {
	};
	objectVersion = 55;
	objects = {

/* Begin PBXBuildFile section */
		582DC30B28B4DACC00E6AE04 /* AppDelegate.swift in Sources */ = {isa = PBXBuildFile; fileRef = 582DC30A28B4DACC00E6AE04 /* AppDelegate.swift */; };
		582DC30D28B4DACC00E6AE04 /* SceneDelegate.swift in Sources */ = {isa = PBXBuildFile; fileRef = 582DC30C28B4DACC00E6AE04 /* SceneDelegate.swift */; };
		582DC30F28B4DACC00E6AE04 /* ViewController.swift in Sources */ = {isa = PBXBuildFile; fileRef = 582DC30E28B4DACC00E6AE04 /* ViewController.swift */; };
		582DC31228B4DACC00E6AE04 /* Main.storyboard in Resources */ = {isa = PBXBuildFile; fileRef = 582DC31028B4DACC00E6AE04 /* Main.storyboard */; };
		582DC31428B4DACE00E6AE04 /* Assets.xcassets in Resources */ = {isa = PBXBuildFile; fileRef = 582DC31328B4DACE00E6AE04 /* Assets.xcassets */; };
		582DC31728B4DACE00E6AE04 /* LaunchScreen.storyboard in Resources */ = {isa = PBXBuildFile; fileRef = 582DC31528B4DACE00E6AE04 /* LaunchScreen.storyboard */; };
/* End PBXBuildFile section */

/* Begin PBXFileReference section */
		582DC30728B4DACC00E6AE04 /* S.Kh_Task_25.app */ = {isa = PBXFileReference; explicitFileType = wrapper.application; includeInIndex = 0; path = S.Kh_Task_25.app; sourceTree = BUILT_PRODUCTS_DIR; };
		582DC30A28B4DACC00E6AE04 /* AppDelegate.swift */ = {isa = PBXFileReference; lastKnownFileType = sourcecode.swift; path = AppDelegate.swift; sourceTree = "<group>"; };
		582DC30C28B4DACC00E6AE04 /* SceneDelegate.swift */ = {isa = PBXFileReference; lastKnownFileType = sourcecode.swift; path = SceneDelegate.swift; sourceTree = "<group>"; };
		582DC30E28B4DACC00E6AE04 /* ViewController.swift */ = {isa = PBXFileReference; lastKnownFileType = sourcecode.swift; path = ViewController.swift; sourceTree = "<group>"; };
		582DC31128B4DACC00E6AE04 /* Base */ = {isa = PBXFileReference; lastKnownFileType = file.storyboard; name = Base; path = Base.lproj/Main.storyboard; sourceTree = "<group>"; };
		582DC31328B4DACE00E6AE04 /* Assets.xcassets */ = {isa = PBXFileReference; lastKnownFileType = folder.assetcatalog; path = Assets.xcassets; sourceTree = "<group>"; };
		582DC31628B4DACE00E6AE04 /* Base */ = {isa = PBXFileReference; lastKnownFileType = file.storyboard; name = Base; path = Base.lproj/LaunchScreen.storyboard; sourceTree = "<group>"; };
		582DC31828B4DACE00E6AE04 /* Info.plist */ = {isa = PBXFileReference; lastKnownFileType = text.plist.xml; path = Info.plist; sourceTree = "<group>"; };
/* End PBXFileReference section */

/* Begin PBXFrameworksBuildPhase section */
		582DC30428B4DACC00E6AE04 /* Frameworks */ = {
			isa = PBXFrameworksBuildPhase;
			buildActionMask = 2147483647;
			files = (
			);
			runOnlyForDeploymentPostprocessing = 0;
		};
/* End PBXFrameworksBuildPhase section */

/* Begin PBXGroup section */
		582DC2FE28B4DACC00E6AE04 = {
			isa = PBXGroup;
			children = (
				582DC30928B4DACC00E6AE04 /* S.Kh_Task_25 */,
				582DC30828B4DACC00E6AE04 /* Products */,
			);
			sourceTree = "<group>";
		};
		582DC30828B4DACC00E6AE04 /* Products */ = {
			isa = PBXGroup;
			children = (
				582DC30728B4DACC00E6AE04 /* S.Kh_Task_25.app */,
			);
			name = Products;
			sourceTree = "<group>";
		};
		582DC30928B4DACC00E6AE04 /* S.Kh_Task_25 */ = {
			isa = PBXGroup;
			children = (
				582DC30A28B4DACC00E6AE04 /* AppDelegate.swift */,
				582DC30C28B4DACC00E6AE04 /* SceneDelegate.swift */,
				582DC30E28B4DACC00E6AE04 /* ViewController.swift */,
				582DC31028B4DACC00E6AE04 /* Main.storyboard */,
				582DC31328B4DACE00E6AE04 /* Assets.xcassets */,
				582DC31528B4DACE00E6AE04 /* LaunchScreen.storyboard */,
				582DC31828B4DACE00E6AE04 /* Info.plist */,
			);
			path = S.Kh_Task_25;
			sourceTree = "<group>";
		};
/* End PBXGroup section */

/* Begin PBXNativeTarget section */
		582DC30628B4DACC00E6AE04 /* S.Kh_Task_25 */ = {
			isa = PBXNativeTarget;
			buildConfigurationList = 582DC31B28B4DACE00E6AE04 /* Build configuration list for PBXNativeTarget "S.Kh_Task_25" */;
			buildPhases = (
				582DC30328B4DACC00E6AE04 /* Sources */,
				582DC30428B4DACC00E6AE04 /* Frameworks */,
				582DC30528B4DACC00E6AE04 /* Resources */,
			);
			buildRules = (
			);
			dependencies = (
			);
			name = S.Kh_Task_25;
			productName = S.Kh_Task_25;
			productReference = 582DC30728B4DACC00E6AE04 /* S.Kh_Task_25.app */;
			productType = "com.apple.product-type.application";
		};
/* End PBXNativeTarget section */

/* Begin PBXProject section */
		582DC2FF28B4DACC00E6AE04 /* Project object */ = {
			isa = PBXProject;
			attributes = {
				BuildIndependentTargetsInParallel = 1;
				LastSwiftUpdateCheck = 1340;
				LastUpgradeCheck = 1340;
				TargetAttributes = {
					582DC30628B4DACC00E6AE04 = {
						CreatedOnToolsVersion = 13.4.1;
					};
				};
			};
			buildConfigurationList = 582DC30228B4DACC00E6AE04 /* Build configuration list for PBXProject "S.Kh_Task_25" */;
			compatibilityVersion = "Xcode 13.0";
			developmentRegion = en;
			hasScannedForEncodings = 0;
			knownRegions = (
				en,
				Base,
			);
			mainGroup = 582DC2FE28B4DACC00E6AE04;
			productRefGroup = 582DC30828B4DACC00E6AE04 /* Products */;
			projectDirPath = "";
			projectRoot = "";
			targets = (
				582DC30628B4DACC00E6AE04 /* S.Kh_Task_25 */,
			);
		};
/* End PBXProject section */

/* Begin PBXResourcesBuildPhase section */
		582DC30528B4DACC00E6AE04 /* Resources */ = {
			isa = PBXResourcesBuildPhase;
			buildActionMask = 2147483647;
			files = (
				582DC31728B4DACE00E6AE04 /* LaunchScreen.storyboard in Resources */,
				582DC31428B4DACE00E6AE04 /* Assets.xcassets in Resources */,
				582DC31228B4DACC00E6AE04 /* Main.storyboard in Resources */,
			);
			runOnlyForDeploymentPostprocessing = 0;
		};
/* End PBXResourcesBuildPhase section */

/* Begin PBXSourcesBuildPhase section */
		582DC30328B4DACC00E6AE04 /* Sources */ = {
			isa = PBXSourcesBuildPhase;
			buildActionMask = 2147483647;
			files = (
				582DC30F28B4DACC00E6AE04 /* ViewController.swift in Sources */,
				582DC30B28B4DACC00E6AE04 /* AppDelegate.swift in Sources */,
				582DC30D28B4DACC00E6AE04 /* SceneDelegate.swift in Sources */,
			);
			runOnlyForDeploymentPostprocessing = 0;
		};
/* End PBXSourcesBuildPhase section */

/* Begin PBXVariantGroup section */
		582DC31028B4DACC00E6AE04 /* Main.storyboard */ = {
			isa = PBXVariantGroup;
			children = (
				582DC31128B4DACC00E6AE04 /* Base */,
			);
			name = Main.storyboard;
			sourceTree = "<group>";
		};
		582DC31528B4DACE00E6AE04 /* LaunchScreen.storyboard */ = {
			isa = PBXVariantGroup;
			children = (
				582DC31628B4DACE00E6AE04 /* Base */,
			);
			name = LaunchScreen.storyboard;
			sourceTree = "<group>";
		};
/* End PBXVariantGroup section */

/* Begin XCBuildConfiguration section */
		582DC31928B4DACE00E6AE04 /* Debug */ = {
			isa = XCBuildConfiguration;
			buildSettings = {
				ALWAYS_SEARCH_USER_PATHS = NO;
				CLANG_ANALYZER_NONNULL = YES;
				CLANG_ANALYZER_NUMBER_OBJECT_CONVERSION = YES_AGGRESSIVE;
				CLANG_CXX_LANGUAGE_STANDARD = "gnu++17";
				CLANG_ENABLE_MODULES = YES;
				CLANG_ENABLE_OBJC_ARC = YES;
				CLANG_ENABLE_OBJC_WEAK = YES;
				CLANG_WARN_BLOCK_CAPTURE_AUTORELEASING = YES;
				CLANG_WARN_BOOL_CONVERSION = YES;
				CLANG_WARN_COMMA = YES;
				CLANG_WARN_CONSTANT_CONVERSION = YES;
				CLANG_WARN_DEPRECATED_OBJC_IMPLEMENTATIONS = YES;
				CLANG_WARN_DIRECT_OBJC_ISA_USAGE = YES_ERROR;
				CLANG_WARN_DOCUMENTATION_COMMENTS = YES;
				CLANG_WARN_EMPTY_BODY = YES;
				CLANG_WARN_ENUM_CONVERSION = YES;
				CLANG_WARN_INFINITE_RECURSION = YES;
				CLANG_WARN_INT_CONVERSION = YES;
				CLANG_WARN_NON_LITERAL_NULL_CONVERSION = YES;
				CLANG_WARN_OBJC_IMPLICIT_RETAIN_SELF = YES;
				CLANG_WARN_OBJC_LITERAL_CONVERSION = YES;
				CLANG_WARN_OBJC_ROOT_CLASS = YES_ERROR;
				CLANG_WARN_QUOTED_INCLUDE_IN_FRAMEWORK_HEADER = YES;
				CLANG_WARN_RANGE_LOOP_ANALYSIS = YES;
				CLANG_WARN_STRICT_PROTOTYPES = YES;
				CLANG_WARN_SUSPICIOUS_MOVE = YES;
				CLANG_WARN_UNGUARDED_AVAILABILITY = YES_AGGRESSIVE;
				CLANG_WARN_UNREACHABLE_CODE = YES;
				CLANG_WARN__DUPLICATE_METHOD_MATCH = YES;
				COPY_PHASE_STRIP = NO;
				DEBUG_INFORMATION_FORMAT = dwarf;
				ENABLE_STRICT_OBJC_MSGSEND = YES;
				ENABLE_TESTABILITY = YES;
				GCC_C_LANGUAGE_STANDARD = gnu11;
				GCC_DYNAMIC_NO_PIC = NO;
				GCC_NO_COMMON_BLOCKS = YES;
				GCC_OPTIMIZATION_LEVEL = 0;
				GCC_PREPROCESSOR_DEFINITIONS = (
					"DEBUG=1",
					"$(inherited)",
				);
				GCC_WARN_64_TO_32_BIT_CONVERSION = YES;
				GCC_WARN_ABOUT_RETURN_TYPE = YES_ERROR;
				GCC_WARN_UNDECLARED_SELECTOR = YES;
				GCC_WARN_UNINITIALIZED_AUTOS = YES_AGGRESSIVE;
				GCC_WARN_UNUSED_FUNCTION = YES;
				GCC_WARN_UNUSED_VARIABLE = YES;
				IPHONEOS_DEPLOYMENT_TARGET = 15.5;
				MTL_ENABLE_DEBUG_INFO = INCLUDE_SOURCE;
				MTL_FAST_MATH = YES;
				ONLY_ACTIVE_ARCH = YES;
				SDKROOT = iphoneos;
				SWIFT_ACTIVE_COMPILATION_CONDITIONS = DEBUG;
				SWIFT_OPTIMIZATION_LEVEL = "-Onone";
			};
			name = Debug;
		};
		582DC31A28B4DACE00E6AE04 /* Release */ = {
			isa = XCBuildConfiguration;
			buildSettings = {
				ALWAYS_SEARCH_USER_PATHS = NO;
				CLANG_ANALYZER_NONNULL = YES;
				CLANG_ANALYZER_NUMBER_OBJECT_CONVERSION = YES_AGGRESSIVE;
				CLANG_CXX_LANGUAGE_STANDARD = "gnu++17";
				CLANG_ENABLE_MODULES = YES;
				CLANG_ENABLE_OBJC_ARC = YES;
				CLANG_ENABLE_OBJC_WEAK = YES;
				CLANG_WARN_BLOCK_CAPTURE_AUTORELEASING = YES;
				CLANG_WARN_BOOL_CONVERSION = YES;
				CLANG_WARN_COMMA = YES;
				CLANG_WARN_CONSTANT_CONVERSION = YES;
				CLANG_WARN_DEPRECATED_OBJC_IMPLEMENTATIONS = YES;
				CLANG_WARN_DIRECT_OBJC_ISA_USAGE = YES_ERROR;
				CLANG_WARN_DOCUMENTATION_COMMENTS = YES;
				CLANG_WARN_EMPTY_BODY = YES;
				CLANG_WARN_ENUM_CONVERSION = YES;
				CLANG_WARN_INFINITE_RECURSION = YES;
				CLANG_WARN_INT_CONVERSION = YES;
				CLANG_WARN_NON_LITERAL_NULL_CONVERSION = YES;
				CLANG_WARN_OBJC_IMPLICIT_RETAIN_SELF = YES;
				CLANG_WARN_OBJC_LITERAL_CONVERSION = YES;
				CLANG_WARN_OBJC_ROOT_CLASS = YES_ERROR;
				CLANG_WARN_QUOTED_INCLUDE_IN_FRAMEWORK_HEADER = YES;
				CLANG_WARN_RANGE_LOOP_ANALYSIS = YES;
				CLANG_WARN_STRICT_PROTOTYPES = YES;
				CLANG_WARN_SUSPICIOUS_MOVE = YES;
				CLANG_WARN_UNGUARDED_AVAILABILITY = YES_AGGRESSIVE;
				CLANG_WARN_UNREACHABLE_CODE = YES;
				CLANG_WARN__DUPLICATE_METHOD_MATCH = YES;
				COPY_PHASE_STRIP = NO;
				DEBUG_INFORMATION_FORMAT = "dwarf-with-dsym";
				ENABLE_NS_ASSERTIONS = NO;
				ENABLE_STRICT_OBJC_MSGSEND = YES;
				GCC_C_LANGUAGE_STANDARD = gnu11;
				GCC_NO_COMMON_BLOCKS = YES;
				GCC_WARN_64_TO_32_BIT_CONVERSION = YES;
				GCC_WARN_ABOUT_RETURN_TYPE = YES_ERROR;
				GCC_WARN_UNDECLARED_SELECTOR = YES;
				GCC_WARN_UNINITIALIZED_AUTOS = YES_AGGRESSIVE;
				GCC_WARN_UNUSED_FUNCTION = YES;
				GCC_WARN_UNUSED_VARIABLE = YES;
				IPHONEOS_DEPLOYMENT_TARGET = 15.5;
				MTL_ENABLE_DEBUG_INFO = NO;
				MTL_FAST_MATH = YES;
				SDKROOT = iphoneos;
				SWIFT_COMPILATION_MODE = wholemodule;
				SWIFT_OPTIMIZATION_LEVEL = "-O";
				VALIDATE_PRODUCT = YES;
			};
			name = Release;
		};
		582DC31C28B4DACE00E6AE04 /* Debug */ = {
			isa = XCBuildConfiguration;
			buildSettings = {
				ASSETCATALOG_COMPILER_APPICON_NAME = AppIcon;
				ASSETCATALOG_COMPILER_GLOBAL_ACCENT_COLOR_NAME = AccentColor;
				CODE_SIGN_STYLE = Automatic;
				CURRENT_PROJECT_VERSION = 1;
				DEVELOPMENT_TEAM = RNA58LVUWN;
				GENERATE_INFOPLIST_FILE = YES;
				INFOPLIST_FILE = S.Kh_Task_25/Info.plist;
				INFOPLIST_KEY_UIApplicationSupportsIndirectInputEvents = YES;
				INFOPLIST_KEY_UILaunchStoryboardName = LaunchScreen;
				INFOPLIST_KEY_UIMainStoryboardFile = Main;
				INFOPLIST_KEY_UISupportedInterfaceOrientations_iPad = "UIInterfaceOrientationPortrait UIInterfaceOrientationPortraitUpsideDown UIInterfaceOrientationLandscapeLeft UIInterfaceOrientationLandscapeRight";
				INFOPLIST_KEY_UISupportedInterfaceOrientations_iPhone = "UIInterfaceOrientationPortrait UIInterfaceOrientationLandscapeLeft UIInterfaceOrientationLandscapeRight";
				LD_RUNPATH_SEARCH_PATHS = (
					"$(inherited)",
					"@executable_path/Frameworks",
				);
				MARKETING_VERSION = 1.0;
				PRODUCT_BUNDLE_IDENTIFIER = "com.sabakhitaridze.S-Kh-Task-25";
				PRODUCT_NAME = "$(TARGET_NAME)";
				SWIFT_EMIT_LOC_STRINGS = YES;
				SWIFT_VERSION = 5.0;
				TARGETED_DEVICE_FAMILY = "1,2";
			};
			name = Debug;
		};
		582DC31D28B4DACE00E6AE04 /* Release */ = {
			isa = XCBuildConfiguration;
			buildSettings = {
				ASSETCATALOG_COMPILER_APPICON_NAME = AppIcon;
				ASSETCATALOG_COMPILER_GLOBAL_ACCENT_COLOR_NAME = AccentColor;
				CODE_SIGN_STYLE = Automatic;
				CURRENT_PROJECT_VERSION = 1;
				DEVELOPMENT_TEAM = RNA58LVUWN;
				GENERATE_INFOPLIST_FILE = YES;
				INFOPLIST_FILE = S.Kh_Task_25/Info.plist;
				INFOPLIST_KEY_UIApplicationSupportsIndirectInputEvents = YES;
				INFOPLIST_KEY_UILaunchStoryboardName = LaunchScreen;
				INFOPLIST_KEY_UIMainStoryboardFile = Main;
				INFOPLIST_KEY_UISupportedInterfaceOrientations_iPad = "UIInterfaceOrientationPortrait UIInterfaceOrientationPortraitUpsideDown UIInterfaceOrientationLandscapeLeft UIInterfaceOrientationLandscapeRight";
				INFOPLIST_KEY_UISupportedInterfaceOrientations_iPhone = "UIInterfaceOrientationPortrait UIInterfaceOrientationLandscapeLeft UIInterfaceOrientationLandscapeRight";
				LD_RUNPATH_SEARCH_PATHS = (
					"$(inherited)",
					"@executable_path/Frameworks",
				);
				MARKETING_VERSION = 1.0;
				PRODUCT_BUNDLE_IDENTIFIER = "com.sabakhitaridze.S-Kh-Task-25";
				PRODUCT_NAME = "$(TARGET_NAME)";
				SWIFT_EMIT_LOC_STRINGS = YES;
				SWIFT_VERSION = 5.0;
				TARGETED_DEVICE_FAMILY = "1,2";
			};
			name = Release;
		};
/* End XCBuildConfiguration section */

/* Begin XCConfigurationList section */
		582DC30228B4DACC00E6AE04 /* Build configuration list for PBXProject "S.Kh_Task_25" */ = {
			isa = XCConfigurationList;
			buildConfigurations = (
				582DC31928B4DACE00E6AE04 /* Debug */,
				582DC31A28B4DACE00E6AE04 /* Release */,
			);
			defaultConfigurationIsVisible = 0;
			defaultConfigurationName = Release;
		};
		582DC31B28B4DACE00E6AE04 /* Build configuration list for PBXNativeTarget "S.Kh_Task_25" */ = {
			isa = XCConfigurationList;
			buildConfigurations = (
				582DC31C28B4DACE00E6AE04 /* Debug */,
				582DC31D28B4DACE00E6AE04 /* Release */,
			);
			defaultConfigurationIsVisible = 0;
			defaultConfigurationName = Release;
		};
/* End XCConfigurationList section */
	};
	rootObject = 582DC2FF28B4DACC00E6AE04 /* Project object */;
}
